{
  "name": "netspy",
  "version": "0.3.3",
  "lockfileVersion": 3,
  "requires": true,
  "packages": {
    "": {
      "name": "netspy",
      "version": "0.3.3",
      "license": "MIT",
      "bin": {
        "netspy": "bin/netspy.js"
      },
      "engines": {
        "node": ">=18"
      }
    }
  }
}
